Microsoft Visual Studio Solution File, Format Version 12.00
# Visual Studio Version 17
VisualStudioVersion = 17.0.31903.59
MinimumVisualStudioVersion = 10.0.40219.1
Project("{FAE04EC0-301F-11D3-BF4B-00C04F79EFBC}") = "WindowsToolbox.Core", "src\WindowsToolbox.Core\WindowsToolbox.Core.csproj", "{1B905167-720E-46A4-A8C4-1C9FB5474298}"
EndProject
Project("{FAE04EC0-301F-11D3-BF4B-00C04F79EFBC}") = "WindowsToolbox.Modules.Shutdown", "src\WindowsToolbox.Modules.Shutdown\WindowsToolbox.Modules.Shutdown.csproj", "{4254A836-A2E4-43B8-BC42-83C11AA7801D}"
EndProject
Project("{FAE04EC0-301F-11D3-BF4B-00C04F79EFBC}") = "WindowsToolbox.App", "src\WindowsToolbox.App\WindowsToolbox.App.csproj", "{AC01A4AB-3C49-4CB8-861C-028E66CC8BA8}"
EndProject
Project("{FAE04EC0-301F-11D3-BF4B-00C04F79EFBC}") = "WindowsToolbox.Tests", "tests\WindowsToolbox.Tests\WindowsToolbox.Tests.csproj", "{9D3FB8BC-C3EE-4C8B-AF2F-0BA9E74B4912}"
EndProject
Project("{2150E333-8FDC-42A3-9474-1A3956D46DE8}") = "src", "src", "{C23875AE-CE3B-4FB5-9074-DC6EDCAF9556}"
EndProject
Project("{FAE04EC0-301F-11D3-BF4B-00C04F79EFBC}") = "WindowsToolbox.Modules.InstalledApps", "src\WindowsToolbox.Modules.InstalledApps\WindowsToolbox.Modules.InstalledApps.csproj", "{F8FD17AF-1470-4CD3-AB9B-8054109A4B20}"
EndProject
Project("{FAE04EC0-301F-11D3-BF4B-00C04F79EFBC}") = "WindowsToolbox.Modules.NetworkTraffic", "src\WindowsToolbox.Modules.NetworkTraffic\WindowsToolbox.Modules.NetworkTraffic.csproj", "{A9D917AC-2272-48C7-BB09-8303AD771AD4}"
EndProject
Project("{FAE04EC0-301F-11D3-BF4B-00C04F79EFBC}") = "WindowsToolbox.Modules.ClipboardPlus", "src\WindowsToolbox.Modules.ClipboardPlus\WindowsToolbox.Modules.ClipboardPlus.csproj", "{0B73E7C7-6B74-4783-8DF5-81AA222823AF}"
EndProject
Project("{FAE04EC0-301F-11D3-BF4B-00C04F79EFBC}") = "WindowsToolbox.Modules.TextTools", "src\WindowsToolbox.Modules.TextTools\WindowsToolbox.Modules.TextTools.csproj", "{06DC477F-4A23-4004-B5D4-F0E5CF22AC2F}"
EndProject
Project("{FAE04EC0-301F-11D3-BF4B-00C04F79EFBC}") = "WindowsToolbox.Modules.FileTools", "src\WindowsToolbox.Modules.FileTools\WindowsToolbox.Modules.FileTools.csproj", "{F7F6E5E4-D3C2-4B1A-9A88-0F4C3B2D1E70}"
EndProject
Project("{FAE04EC0-301F-11D3-BF4B-00C04F79EFBC}") = "WindowsToolbox.Modules.QuickLaunch", "src\WindowsToolbox.Modules.QuickLaunch\WindowsToolbox.Modules.QuickLaunch.csproj", "{D8E7F6A5-B4C3-4D2E-9F80-1A2B3C4D5E60}"
EndProject
Project("{FAE04EC0-301F-11D3-BF4B-00C04F79EFBC}") = "WindowsToolbox.Modules.WindowTools", "src\WindowsToolbox.Modules.WindowTools\WindowsToolbox.Modules.WindowTools.csproj", "{E1C4B9D2-0A6E-4A89-9C14-7B3F2D1E5A90}"
EndProject
Global
	GlobalSection(SolutionConfigurationPlatforms) = preSolution
		Debug|Any CPU = Debug|Any CPU
		Release|Any CPU = Release|Any CPU
	EndGlobalSection
	GlobalSection(ProjectConfigurationPlatforms) = postSolution
		{1B905167-720E-46A4-A8C4-1C9FB5474298}.Debug|Any CPU.ActiveCfg = Debug|Any CPU
		{1B905167-720E-46A4-A8C4-1C9FB5474298}.Debug|Any CPU.Build.0 = Debug|Any CPU
		{1B905167-720E-46A4-A8C4-1C9FB5474298}.Release|Any CPU.ActiveCfg = Release|Any CPU
		{1B905167-720E-46A4-A8C4-1C9FB5474298}.Release|Any CPU.Build.0 = Release|Any CPU
		{4254A836-A2E4-43B8-BC42-83C11AA7801D}.Debug|Any CPU.ActiveCfg = Debug|Any CPU
		{4254A836-A2E4-43B8-BC42-83C11AA7801D}.Debug|Any CPU.Build.0 = Debug|Any CPU
		{4254A836-A2E4-43B8-BC42-83C11AA7801D}.Release|Any CPU.ActiveCfg = Release|Any CPU
		{4254A836-A2E4-43B8-BC42-83C11AA7801D}.Release|Any CPU.Build.0 = Release|Any CPU
		{AC01A4AB-3C49-4CB8-861C-028E66CC8BA8}.Debug|Any CPU.ActiveCfg = Debug|Any CPU
		{AC01A4AB-3C49-4CB8-861C-028E66CC8BA8}.Debug|Any CPU.Build.0 = Debug|Any CPU
		{AC01A4AB-3C49-4CB8-861C-028E66CC8BA8}.Release|Any CPU.ActiveCfg = Release|Any CPU
		{AC01A4AB-3C49-4CB8-861C-028E66CC8BA8}.Release|Any CPU.Build.0 = Release|Any CPU
		{9D3FB8BC-C3EE-4C8B-AF2F-0BA9E74B4912}.Debug|Any CPU.ActiveCfg = Debug|Any CPU
		{9D3FB8BC-C3EE-4C8B-AF2F-0BA9E74B4912}.Debug|Any CPU.Build.0 = Debug|Any CPU
		{9D3FB8BC-C3EE-4C8B-AF2F-0BA9E74B4912}.Release|Any CPU.ActiveCfg = Release|Any CPU
		{9D3FB8BC-C3EE-4C8B-AF2F-0BA9E74B4912}.Release|Any CPU.Build.0 = Release|Any CPU
		{F8FD17AF-1470-4CD3-AB9B-8054109A4B20}.Debug|Any CPU.ActiveCfg = Debug|Any CPU
		{F8FD17AF-1470-4CD3-AB9B-8054109A4B20}.Debug|Any CPU.Build.0 = Debug|Any CPU
		{F8FD17AF-1470-4CD3-AB9B-8054109A4B20}.Release|Any CPU.ActiveCfg = Release|Any CPU
		{F8FD17AF-1470-4CD3-AB9B-8054109A4B20}.Release|Any CPU.Build.0 = Release|Any CPU
		{A9D917AC-2272-48C7-BB09-8303AD771AD4}.Debug|Any CPU.ActiveCfg = Debug|Any CPU
		{A9D917AC-2272-48C7-BB09-8303AD771AD4}.Debug|Any CPU.Build.0 = Debug|Any CPU
		{A9D917AC-2272-48C7-BB09-8303AD771AD4}.Release|Any CPU.ActiveCfg = Release|Any CPU
		{A9D917AC-2272-48C7-BB09-8303AD771AD4}.Release|Any CPU.Build.0 = Release|Any CPU
		{0B73E7C7-6B74-4783-8DF5-81AA222823AF}.Debug|Any CPU.ActiveCfg = Debug|Any CPU
		{0B73E7C7-6B74-4783-8DF5-81AA222823AF}.Debug|Any CPU.Build.0 = Debug|Any CPU
		{0B73E7C7-6B74-4783-8DF5-81AA222823AF}.Release|Any CPU.ActiveCfg = Release|Any CPU
		{0B73E7C7-6B74-4783-8DF5-81AA222823AF}.Release|Any CPU.Build.0 = Release|Any CPU
		{06DC477F-4A23-4004-B5D4-F0E5CF22AC2F}.Debug|Any CPU.ActiveCfg = Debug|Any CPU
		{06DC477F-4A23-4004-B5D4-F0E5CF22AC2F}.Debug|Any CPU.Build.0 = Debug|Any CPU
		{06DC477F-4A23-4004-B5D4-F0E5CF22AC2F}.Release|Any CPU.ActiveCfg = Release|Any CPU
		{06DC477F-4A23-4004-B5D4-F0E5CF22AC2F}.Release|Any CPU.Build.0 = Release|Any CPU
		{F7F6E5E4-D3C2-4B1A-9A88-0F4C3B2D1E70}.Debug|Any CPU.ActiveCfg = Debug|Any CPU
		{F7F6E5E4-D3C2-4B1A-9A88-0F4C3B2D1E70}.Debug|Any CPU.Build.0 = Debug|Any CPU
		{F7F6E5E4-D3C2-4B1A-9A88-0F4C3B2D1E70}.Release|Any CPU.ActiveCfg = Release|Any CPU
		{F7F6E5E4-D3C2-4B1A-9A88-0F4C3B2D1E70}.Release|Any CPU.Build.0 = Release|Any CPU
		{D8E7F6A5-B4C3-4D2E-9F80-1A2B3C4D5E60}.Debug|Any CPU.ActiveCfg = Debug|Any CPU
		{D8E7F6A5-B4C3-4D2E-9F80-1A2B3C4D5E60}.Debug|Any CPU.Build.0 = Debug|Any CPU
		{D8E7F6A5-B4C3-4D2E-9F80-1A2B3C4D5E60}.Release|Any CPU.ActiveCfg = Release|Any CPU
		{D8E7F6A5-B4C3-4D2E-9F80-1A2B3C4D5E60}.Release|Any CPU.Build.0 = Release|Any CPU
		{E1C4B9D2-0A6E-4A89-9C14-7B3F2D1E5A90}.Debug|Any CPU.ActiveCfg = Debug|Any CPU
		{E1C4B9D2-0A6E-4A89-9C14-7B3F2D1E5A90}.Debug|Any CPU.Build.0 = Debug|Any CPU
		{E1C4B9D2-0A6E-4A89-9C14-7B3F2D1E5A90}.Release|Any CPU.ActiveCfg = Release|Any CPU
		{E1C4B9D2-0A6E-4A89-9C14-7B3F2D1E5A90}.Release|Any CPU.Build.0 = Release|Any CPU
	EndGlobalSection
	GlobalSection(NestedProjects) = preSolution
		{F8FD17AF-1470-4CD3-AB9B-8054109A4B20} = {C23875AE-CE3B-4FB5-9074-DC6EDCAF9556}
		{A9D917AC-2272-48C7-BB09-8303AD771AD4} = {C23875AE-CE3B-4FB5-9074-DC6EDCAF9556}
		{0B73E7C7-6B74-4783-8DF5-81AA222823AF} = {C23875AE-CE3B-4FB5-9074-DC6EDCAF9556}
		{06DC477F-4A23-4004-B5D4-F0E5CF22AC2F} = {C23875AE-CE3B-4FB5-9074-DC6EDCAF9556}
		{F7F6E5E4-D3C2-4B1A-9A88-0F4C3B2D1E70} = {C23875AE-CE3B-4FB5-9074-DC6EDCAF9556}
		{D8E7F6A5-B4C3-4D2E-9F80-1A2B3C4D5E60} = {C23875AE-CE3B-4FB5-9074-DC6EDCAF9556}
		{E1C4B9D2-0A6E-4A89-9C14-7B3F2D1E5A90} = {C23875AE-CE3B-4FB5-9074-DC6EDCAF9556}
	EndGlobalSection
EndGlobal
