Microsoft Visual Studio Solution File, Format Version 12.00
# Visual Studio Version 17
VisualStudioVersion = 17.0.31903.59
MinimumVisualStudioVersion = 10.0.40219.1
Project("{FAE04EC0-301F-11D3-BF4B-00C04F79EFBC}") = "WindowsToolbox.Core", "src\WindowsToolbox.Core\WindowsToolbox.Core.csproj", "{1B905167-720E-46A4-A8C4-1C9FB5474298}"
EndProject
Project("{FAE04EC0-301F-11D3-BF4B-00C04F79EFBC}") = "WindowsToolbox.Modules.Shutdown", "src\WindowsToolbox.Modules.Shutdown\WindowsToolbox.Modules.Shutdown.csproj", "{4254A836-A2E4-43B8-BC42-83C11AA7801D}"
EndProject
Project("{FAE04EC0-301F-11D3-BF4B-00C04F79EFBC}") = "WindowsToolbox.App", "src\WindowsToolbox.App\WindowsToolbox.App.csproj", "{AC01A4AB-3C49-4CB8-861C-028E66CC8BA8}"
EndProject
Project("{FAE04EC0-301F-11D3-BF4B-00C04F79EFBC}") = "WindowsToolbox.Tests", "tests\WindowsToolbox.Tests\WindowsToolbox.Tests.csproj", "{9D3FB8BC-C3EE-4C8B-AF2F-0BA9E74B4912}"
EndProject
Global
	GlobalSection(SolutionConfigurationPlatforms) = preSolution
		Debug|Any CPU = Debug|Any CPU
		Release|Any CPU = Release|Any CPU
	EndGlobalSection
	GlobalSection(ProjectConfigurationPlatforms) = postSolution
		{1B905167-720E-46A4-A8C4-1C9FB5474298}.Debug|Any CPU.ActiveCfg = Debug|Any CPU
		{1B905167-720E-46A4-A8C4-1C9FB5474298}.Debug|Any CPU.Build.0 = Debug|Any CPU
		{1B905167-720E-46A4-A8C4-1C9FB5474298}.Release|Any CPU.ActiveCfg = Release|Any CPU
		{1B905167-720E-46A4-A8C4-1C9FB5474298}.Release|Any CPU.Build.0 = Release|Any CPU
		{4254A836-A2E4-43B8-BC42-83C11AA7801D}.Debug|Any CPU.ActiveCfg = Debug|Any CPU
		{4254A836-A2E4-43B8-BC42-83C11AA7801D}.Debug|Any CPU.Build.0 = Debug|Any CPU
		{4254A836-A2E4-43B8-BC42-83C11AA7801D}.Release|Any CPU.ActiveCfg = Release|Any CPU
		{4254A836-A2E4-43B8-BC42-83C11AA7801D}.Release|Any CPU.Build.0 = Release|Any CPU
		{AC01A4AB-3C49-4CB8-861C-028E66CC8BA8}.Debug|Any CPU.ActiveCfg = Debug|Any CPU
		{AC01A4AB-3C49-4CB8-861C-028E66CC8BA8}.Debug|Any CPU.Build.0 = Debug|Any CPU
		{AC01A4AB-3C49-4CB8-861C-028E66CC8BA8}.Release|Any CPU.ActiveCfg = Release|Any CPU
		{AC01A4AB-3C49-4CB8-861C-028E66CC8BA8}.Release|Any CPU.Build.0 = Release|Any CPU
		{9D3FB8BC-C3EE-4C8B-AF2F-0BA9E74B4912}.Debug|Any CPU.ActiveCfg = Debug|Any CPU
		{9D3FB8BC-C3EE-4C8B-AF2F-0BA9E74B4912}.Debug|Any CPU.Build.0 = Debug|Any CPU
		{9D3FB8BC-C3EE-4C8B-AF2F-0BA9E74B4912}.Release|Any CPU.ActiveCfg = Release|Any CPU
		{9D3FB8BC-C3EE-4C8B-AF2F-0BA9E74B4912}.Release|Any CPU.Build.0 = Release|Any CPU
	EndGlobalSection
EndGlobal
